
Microsoft Visual Studio Solution File, Format Version 12.00
# Visual Studio Version 17
VisualStudioVersion = 17.9.34714.143
MinimumVisualStudioVersion = 10.0.40219.1
Project("{FAE04EC0-301F-11D3-BF4B-00C04F79EFBC}") = "VegeFoods_MVC", "VegeFoods_MVC\VegeFoods_MVC.csproj", "{F31646AA-D4CE-4354-A0BE-79E60E660974}"
EndProject
Global
	GlobalSection(SolutionConfigurationPlatforms) = preSolution
		Debug|Any CPU = Debug|Any CPU
		Release|Any CPU = Release|Any CPU
	EndGlobalSection
	GlobalSection(ProjectConfigurationPlatforms) = postSolution
		{F31646AA-D4CE-4354-A0BE-79E60E660974}.Debug|Any CPU.ActiveCfg = Debug|Any CPU
		{F31646AA-D4CE-4354-A0BE-79E60E660974}.Debug|Any CPU.Build.0 = Debug|Any CPU
		{F31646AA-D4CE-4354-A0BE-79E60E660974}.Release|Any CPU.ActiveCfg = Release|Any CPU
		{F31646AA-D4CE-4354-A0BE-79E60E660974}.Release|Any CPU.Build.0 = Release|Any CPU
	EndGlobalSection
	GlobalSection(SolutionProperties) = preSolution
		HideSolutionNode = FALSE
	EndGlobalSection
	GlobalSection(ExtensibilityGlobals) = postSolution
		SolutionGuid = {0B2D2E7F-2127-40F4-BBCB-8D22D5CC8F0F}
	EndGlobalSection
EndGlobal
